
Microsoft Visual Studio Solution File, Format Version 12.00
# Visual Studio Version 17
VisualStudioVersion = 17.13.35931.197 d17.13
MinimumVisualStudioVersion = 10.0.40219.1
Project("{FAE04EC0-301F-11D3-BF4B-00C04F79EFBC}") = "DevTracker.Domain", "DevTracker.Domain\DevTracker.Domain.csproj", "{5AAAFDD9-F30E-4D8E-8642-852F11A7332D}"
EndProject
Project("{FAE04EC0-301F-11D3-BF4B-00C04F79EFBC}") = "DevTracker.API", "DevTracker.API\DevTracker.API.csproj", "{86FA49F0-7082-497A-B282-A9B45EBA334A}"
	ProjectSection(ProjectDependencies) = postProject
		{5AAAFDD9-F30E-4D8E-8642-852F11A7332D} = {5AAAFDD9-F30E-4D8E-8642-852F11A7332D}
	EndProjectSection
EndProject
Project("{FAE04EC0-301F-11D3-BF4B-00C04F79EFBC}") = "DevTracker.Data", "DevTracker.Data\DevTracker.Data.csproj", "{EC8C077F-1F13-4FDB-B522-1E3229821C55}"
EndProject
Global
	GlobalSection(SolutionConfigurationPlatforms) = preSolution
		Debug|Any CPU = Debug|Any CPU
		Release|Any CPU = Release|Any CPU
	EndGlobalSection
	GlobalSection(ProjectConfigurationPlatforms) = postSolution
		{5AAAFDD9-F30E-4D8E-8642-852F11A7332D}.Debug|Any CPU.ActiveCfg = Debug|Any CPU
		{5AAAFDD9-F30E-4D8E-8642-852F11A7332D}.Debug|Any CPU.Build.0 = Debug|Any CPU
		{5AAAFDD9-F30E-4D8E-8642-852F11A7332D}.Release|Any CPU.ActiveCfg = Release|Any CPU
		{5AAAFDD9-F30E-4D8E-8642-852F11A7332D}.Release|Any CPU.Build.0 = Release|Any CPU
		{86FA49F0-7082-497A-B282-A9B45EBA334A}.Debug|Any CPU.ActiveCfg = Debug|Any CPU
		{86FA49F0-7082-497A-B282-A9B45EBA334A}.Debug|Any CPU.Build.0 = Debug|Any CPU
		{86FA49F0-7082-497A-B282-A9B45EBA334A}.Release|Any CPU.ActiveCfg = Release|Any CPU
		{86FA49F0-7082-497A-B282-A9B45EBA334A}.Release|Any CPU.Build.0 = Release|Any CPU
		{EC8C077F-1F13-4FDB-B522-1E3229821C55}.Debug|Any CPU.ActiveCfg = Debug|Any CPU
		{EC8C077F-1F13-4FDB-B522-1E3229821C55}.Debug|Any CPU.Build.0 = Debug|Any CPU
		{EC8C077F-1F13-4FDB-B522-1E3229821C55}.Release|Any CPU.ActiveCfg = Release|Any CPU
		{EC8C077F-1F13-4FDB-B522-1E3229821C55}.Release|Any CPU.Build.0 = Release|Any CPU
	EndGlobalSection
	GlobalSection(SolutionProperties) = preSolution
		HideSolutionNode = FALSE
	EndGlobalSection
	GlobalSection(ExtensibilityGlobals) = postSolution
		SolutionGuid = {35962A23-C68F-4C27-BB5D-23C488891A67}
	EndGlobalSection
EndGlobal
